
Microsoft Visual Studio Solution File, Format Version 12.00
# Visual Studio Version 17
VisualStudioVersion = 17.11.35312.102
MinimumVisualStudioVersion = 10.0.40219.1
Project("{9A19103F-16F7-4668-BE54-9A1E7A4F7556}") = "NinjaManager.Data", "NinjaManager.Data\NinjaManager.Data.csproj", "{421608C5-55EA-4C0B-902E-CCB7A4DF8A2F}"
EndProject
Project("{FAE04EC0-301F-11D3-BF4B-00C04F79EFBC}") = "NinjaManager", "NinjaManager\NinjaManager.csproj", "{C6E77E9C-D8F1-4F87-8B71-BE4FCC799678}"
EndProject
Global
	GlobalSection(SolutionConfigurationPlatforms) = preSolution
		Debug|Any CPU = Debug|Any CPU
		Release|Any CPU = Release|Any CPU
	EndGlobalSection
	GlobalSection(ProjectConfigurationPlatforms) = postSolution
		{421608C5-55EA-4C0B-902E-CCB7A4DF8A2F}.Debug|Any CPU.ActiveCfg = Debug|Any CPU
		{421608C5-55EA-4C0B-902E-CCB7A4DF8A2F}.Debug|Any CPU.Build.0 = Debug|Any CPU
		{421608C5-55EA-4C0B-902E-CCB7A4DF8A2F}.Release|Any CPU.ActiveCfg = Release|Any CPU
		{421608C5-55EA-4C0B-902E-CCB7A4DF8A2F}.Release|Any CPU.Build.0 = Release|Any CPU
		{C6E77E9C-D8F1-4F87-8B71-BE4FCC799678}.Debug|Any CPU.ActiveCfg = Debug|Any CPU
		{C6E77E9C-D8F1-4F87-8B71-BE4FCC799678}.Debug|Any CPU.Build.0 = Debug|Any CPU
		{C6E77E9C-D8F1-4F87-8B71-BE4FCC799678}.Release|Any CPU.ActiveCfg = Release|Any CPU
		{C6E77E9C-D8F1-4F87-8B71-BE4FCC799678}.Release|Any CPU.Build.0 = Release|Any CPU
	EndGlobalSection
	GlobalSection(SolutionProperties) = preSolution
		HideSolutionNode = FALSE
	EndGlobalSection
	GlobalSection(ExtensibilityGlobals) = postSolution
		SolutionGuid = {0DA47739-8F4B-440F-890D-083871814FBC}
	EndGlobalSection
EndGlobal
